cj.rs/gohugo-asciinema v0.0.0-20230110190338-83bbc86388be h1:2UiMMzLT8SEI3wCHwtgAiL5yAVE9UdrYmKklrZoUNjs=
cj.rs/gohugo-asciinema v0.0.0-20230110190338-83bbc86388be/go.mod h1:LOi9TNDxS4FX8P9N0PzCrqwvnksxP++9dsYbyNL0Fus=
github.com/CaiJimmy/hugo-theme-stack/v3 v3.26.0 h1:kLZSTvo+E3S2YWw59DjXWtKLNbw3JaL7Z+VAjcegqa0=
github.com/CaiJimmy/hugo-theme-stack/v3 v3.26.0/go.mod h1:IPmCXiIxlFSLFYS0tOmYP6ySLviyeNVSabyvSuaxD+I=
